
Microsoft Visual Studio Solution File, Format Version 12.00
# Visual Studio Version 17
VisualStudioVersion = 17.8.34511.84
MinimumVisualStudioVersion = 10.0.40219.1
Project("{FAE04EC0-301F-11D3-BF4B-00C04F79EFBC}") = "Example.SignalR", "Example.SignalR.csproj", "{58FED73F-C25A-488A-A463-14539D490BE9}"
EndProject
Project("{FAE04EC0-301F-11D3-BF4B-00C04F79EFBC}") = "Console.SignalR", "..\Console.SignalR\Console.SignalR.csproj", "{DDF10252-CC4F-4CF3-A8A9-7DD8B060372C}"
EndProject
Global
	GlobalSection(SolutionConfigurationPlatforms) = preSolution
		Debug|Any CPU = Debug|Any CPU
		Release|Any CPU = Release|Any CPU
	EndGlobalSection
	GlobalSection(ProjectConfigurationPlatforms) = postSolution
		{58FED73F-C25A-488A-A463-14539D490BE9}.Debug|Any CPU.ActiveCfg = Debug|Any CPU
		{58FED73F-C25A-488A-A463-14539D490BE9}.Debug|Any CPU.Build.0 = Debug|Any CPU
		{58FED73F-C25A-488A-A463-14539D490BE9}.Release|Any CPU.ActiveCfg = Release|Any CPU
		{58FED73F-C25A-488A-A463-14539D490BE9}.Release|Any CPU.Build.0 = Release|Any CPU
		{DDF10252-CC4F-4CF3-A8A9-7DD8B060372C}.Debug|Any CPU.ActiveCfg = Debug|Any CPU
		{DDF10252-CC4F-4CF3-A8A9-7DD8B060372C}.Debug|Any CPU.Build.0 = Debug|Any CPU
		{DDF10252-CC4F-4CF3-A8A9-7DD8B060372C}.Release|Any CPU.ActiveCfg = Release|Any CPU
		{DDF10252-CC4F-4CF3-A8A9-7DD8B060372C}.Release|Any CPU.Build.0 = Release|Any CPU
	EndGlobalSection
	GlobalSection(SolutionProperties) = preSolution
		HideSolutionNode = FALSE
	EndGlobalSection
	GlobalSection(ExtensibilityGlobals) = postSolution
		SolutionGuid = {9A434E09-869E-4584-819B-91A7AB364243}
	EndGlobalSection
EndGlobal
